
Microsoft Visual Studio Solution File, Format Version 12.00
Project("{FAE04EC0-301F-11D3-BF4B-00C04F79EFBC}") = "TestDICastleWindsor", "TestDICastleWindsor\TestDICastleWindsor.csproj", "{AC3D1423-1C58-45E0-9FFE-D638A31631CE}"
EndProject
Global
	GlobalSection(SolutionConfigurationPlatforms) = preSolution
		Debug|Any CPU = Debug|Any CPU
		Release|Any CPU = Release|Any CPU
	EndGlobalSection
	GlobalSection(ProjectConfigurationPlatforms) = postSolution
		{AC3D1423-1C58-45E0-9FFE-D638A31631CE}.Debug|Any CPU.ActiveCfg = Debug|Any CPU
		{AC3D1423-1C58-45E0-9FFE-D638A31631CE}.Debug|Any CPU.Build.0 = Debug|Any CPU
		{AC3D1423-1C58-45E0-9FFE-D638A31631CE}.Release|Any CPU.ActiveCfg = Release|Any CPU
		{AC3D1423-1C58-45E0-9FFE-D638A31631CE}.Release|Any CPU.Build.0 = Release|Any CPU
	EndGlobalSection
EndGlobal
